
Microsoft Visual Studio Solution File, Format Version 12.00
# Visual Studio Version 16
VisualStudioVersion = 16.0.31005.135
MinimumVisualStudioVersion = 15.0.26124.0
Project("{2150E333-8FDC-42A3-9474-1A3956D46DE8}") = "Services", "Services", "{53DFCF68-09F5-43BF-ADD0-DA0E6B6C6BA1}"
EndProject
Project("{2150E333-8FDC-42A3-9474-1A3956D46DE8}") = "WebApps", "WebApps", "{DF930062-F73D-4A0D-BE4A-337C1B71CAA5}"
EndProject
Project("{2150E333-8FDC-42A3-9474-1A3956D46DE8}") = "Cadastros", "Cadastros", "{178C8B19-F4F3-4EC6-952F-91AE8362575E}"
EndProject
Project("{2150E333-8FDC-42A3-9474-1A3956D46DE8}") = "Catalogo", "Catalogo", "{9599EFEB-9C8E-4B89-B576-13FD2858AC3F}"
EndProject
Project("{2150E333-8FDC-42A3-9474-1A3956D46DE8}") = "Core", "Core", "{FE1A1756-17E9-4B0A-B0A3-6BE17C125083}"
EndProject
Project("{2150E333-8FDC-42A3-9474-1A3956D46DE8}") = "Fiscal", "Fiscal", "{653280ED-68C3-4BA2-BB2A-13468C672836}"
EndProject
Project("{2150E333-8FDC-42A3-9474-1A3956D46DE8}") = "Pagamentos", "Pagamentos", "{ED06330D-E357-4326-BB41-6353A2F959E4}"
EndProject
Project("{2150E333-8FDC-42A3-9474-1A3956D46DE8}") = "Vendas", "Vendas", "{DED92150-28CD-4A8F-BAEC-803A71E7E64C}"
EndProject
Project("{2150E333-8FDC-42A3-9474-1A3956D46DE8}") = "src", "src", "{0565A7A2-B75A-4D5E-A14C-E3399D3273A9}"
EndProject
Project("{2150E333-8FDC-42A3-9474-1A3956D46DE8}") = "Services", "Services", "{46A0F546-50A6-437D-94DA-840A8195A515}"
EndProject
Project("{2150E333-8FDC-42A3-9474-1A3956D46DE8}") = "Catalogo", "Catalogo", "{E6B03A08-56FB-4D2E-8CAF-30C377D12E6E}"
EndProject
Project("{FAE04EC0-301F-11D3-BF4B-00C04F79EFBC}") = "NerdStore.Catalogo.Domain", "src\Services\Catalogo\NerdStore.Catalogo.Domain\NerdStore.Catalogo.Domain.csproj", "{3DBBD739-EB7A-4CC0-834A-6E1D8F9489B0}"
EndProject
Project("{2150E333-8FDC-42A3-9474-1A3956D46DE8}") = "Core", "Core", "{17158D7A-536B-4005-8558-F2216DB28CF7}"
EndProject
Project("{FAE04EC0-301F-11D3-BF4B-00C04F79EFBC}") = "NerdStore.Core", "src\Services\Core\NerdStore.Core\NerdStore.Core.csproj", "{D0BD174E-A5D9-44EE-96FC-6FD2775F2132}"
EndProject
Global
	GlobalSection(SolutionProperties) = preSolution
		HideSolutionNode = FALSE
	EndGlobalSection
	GlobalSection(NestedProjects) = preSolution
		{178C8B19-F4F3-4EC6-952F-91AE8362575E} = {53DFCF68-09F5-43BF-ADD0-DA0E6B6C6BA1}
		{9599EFEB-9C8E-4B89-B576-13FD2858AC3F} = {53DFCF68-09F5-43BF-ADD0-DA0E6B6C6BA1}
		{FE1A1756-17E9-4B0A-B0A3-6BE17C125083} = {53DFCF68-09F5-43BF-ADD0-DA0E6B6C6BA1}
		{653280ED-68C3-4BA2-BB2A-13468C672836} = {53DFCF68-09F5-43BF-ADD0-DA0E6B6C6BA1}
		{ED06330D-E357-4326-BB41-6353A2F959E4} = {53DFCF68-09F5-43BF-ADD0-DA0E6B6C6BA1}
		{DED92150-28CD-4A8F-BAEC-803A71E7E64C} = {53DFCF68-09F5-43BF-ADD0-DA0E6B6C6BA1}
		{46A0F546-50A6-437D-94DA-840A8195A515} = {0565A7A2-B75A-4D5E-A14C-E3399D3273A9}
		{E6B03A08-56FB-4D2E-8CAF-30C377D12E6E} = {46A0F546-50A6-437D-94DA-840A8195A515}
		{3DBBD739-EB7A-4CC0-834A-6E1D8F9489B0} = {E6B03A08-56FB-4D2E-8CAF-30C377D12E6E}
		{17158D7A-536B-4005-8558-F2216DB28CF7} = {46A0F546-50A6-437D-94DA-840A8195A515}
		{D0BD174E-A5D9-44EE-96FC-6FD2775F2132} = {17158D7A-536B-4005-8558-F2216DB28CF7}
	EndGlobalSection
	GlobalSection(ExtensibilityGlobals) = postSolution
		SolutionGuid = {CB0B95B8-78B9-453B-AFB6-E6F7CFA430B7}
	EndGlobalSection
	GlobalSection(SolutionConfigurationPlatforms) = preSolution
		Debug|Any CPU = Debug|Any CPU
		Debug|x64 = Debug|x64
		Debug|x86 = Debug|x86
		Release|Any CPU = Release|Any CPU
		Release|x64 = Release|x64
		Release|x86 = Release|x86
	EndGlobalSection
	GlobalSection(ProjectConfigurationPlatforms) = postSolution
		{3DBBD739-EB7A-4CC0-834A-6E1D8F9489B0}.Debug|Any CPU.ActiveCfg = Debug|Any CPU
		{3DBBD739-EB7A-4CC0-834A-6E1D8F9489B0}.Debug|Any CPU.Build.0 = Debug|Any CPU
		{3DBBD739-EB7A-4CC0-834A-6E1D8F9489B0}.Debug|x64.ActiveCfg = Debug|Any CPU
		{3DBBD739-EB7A-4CC0-834A-6E1D8F9489B0}.Debug|x64.Build.0 = Debug|Any CPU
		{3DBBD739-EB7A-4CC0-834A-6E1D8F9489B0}.Debug|x86.ActiveCfg = Debug|Any CPU
		{3DBBD739-EB7A-4CC0-834A-6E1D8F9489B0}.Debug|x86.Build.0 = Debug|Any CPU
		{3DBBD739-EB7A-4CC0-834A-6E1D8F9489B0}.Release|Any CPU.ActiveCfg = Release|Any CPU
		{3DBBD739-EB7A-4CC0-834A-6E1D8F9489B0}.Release|Any CPU.Build.0 = Release|Any CPU
		{3DBBD739-EB7A-4CC0-834A-6E1D8F9489B0}.Release|x64.ActiveCfg = Release|Any CPU
		{3DBBD739-EB7A-4CC0-834A-6E1D8F9489B0}.Release|x64.Build.0 = Release|Any CPU
		{3DBBD739-EB7A-4CC0-834A-6E1D8F9489B0}.Release|x86.ActiveCfg = Release|Any CPU
		{3DBBD739-EB7A-4CC0-834A-6E1D8F9489B0}.Release|x86.Build.0 = Release|Any CPU
		{D0BD174E-A5D9-44EE-96FC-6FD2775F2132}.Debug|Any CPU.ActiveCfg = Debug|Any CPU
		{D0BD174E-A5D9-44EE-96FC-6FD2775F2132}.Debug|Any CPU.Build.0 = Debug|Any CPU
		{D0BD174E-A5D9-44EE-96FC-6FD2775F2132}.Debug|x64.ActiveCfg = Debug|Any CPU
		{D0BD174E-A5D9-44EE-96FC-6FD2775F2132}.Debug|x64.Build.0 = Debug|Any CPU
		{D0BD174E-A5D9-44EE-96FC-6FD2775F2132}.Debug|x86.ActiveCfg = Debug|Any CPU
		{D0BD174E-A5D9-44EE-96FC-6FD2775F2132}.Debug|x86.Build.0 = Debug|Any CPU
		{D0BD174E-A5D9-44EE-96FC-6FD2775F2132}.Release|Any CPU.ActiveCfg = Release|Any CPU
		{D0BD174E-A5D9-44EE-96FC-6FD2775F2132}.Release|Any CPU.Build.0 = Release|Any CPU
		{D0BD174E-A5D9-44EE-96FC-6FD2775F2132}.Release|x64.ActiveCfg = Release|Any CPU
		{D0BD174E-A5D9-44EE-96FC-6FD2775F2132}.Release|x64.Build.0 = Release|Any CPU
		{D0BD174E-A5D9-44EE-96FC-6FD2775F2132}.Release|x86.ActiveCfg = Release|Any CPU
		{D0BD174E-A5D9-44EE-96FC-6FD2775F2132}.Release|x86.Build.0 = Release|Any CPU
	EndGlobalSection
EndGlobal
